
Microsoft Visual Studio Solution File, Format Version 12.00
# Visual Studio 2012
Project("{FAE04EC0-301F-11D3-BF4B-00C04F79EFBC}") = "Display_CP7_43", "Display_CP7\Display_CP7_43\Display_CP7_43.csproj", "{D4977B24-52F5-4C7D-B774-B7F670D67A8A}"
EndProject
Global
	GlobalSection(SolutionConfigurationPlatforms) = preSolution
		Debug|Any CPU = Debug|Any CPU
		Release|Any CPU = Release|Any CPU
	EndGlobalSection
	GlobalSection(ProjectConfigurationPlatforms) = postSolution
		{D4977B24-52F5-4C7D-B774-B7F670D67A8A}.Debug|Any CPU.ActiveCfg = Debug|Any CPU
		{D4977B24-52F5-4C7D-B774-B7F670D67A8A}.Debug|Any CPU.Build.0 = Debug|Any CPU
		{D4977B24-52F5-4C7D-B774-B7F670D67A8A}.Release|Any CPU.ActiveCfg = Release|Any CPU
		{D4977B24-52F5-4C7D-B774-B7F670D67A8A}.Release|Any CPU.Build.0 = Release|Any CPU
	EndGlobalSection
	GlobalSection(SolutionProperties) = preSolution
		HideSolutionNode = FALSE
	EndGlobalSection
EndGlobal
